{
  "version": 1,
  "dependencies": {
    ".NETnanoFramework,Version=v1.0": {
      "nanoFramework.CoreLibrary": {
        "type": "Direct",
        "requested": "[1.16.11, 1.16.11]",
        "resolved": "1.16.11",
        "contentHash": "2XW+Zn0lQ+lOcxDbB1l2ga2rNoj9Jv2IeJwXE4ka1r+swmxn5N/otlMJVEXJgK8trUeD/E8T7+J7dXjU8UReHw=="
      },
      "nanoFramework.TestFramework": {
        "type": "Direct",
        "requested": "[3.0.66, 3.0.66]",
        "resolved": "3.0.66",
        "contentHash": "eLvjJQ3/Gf3Wbj+zVDh5ZvKfnSXMb3TEHHsWiznh8bPI3Nc6YgONCmdbJKsniIxbIua29g0MavgRLesS2bOCmw=="
      }
    }
  }
}