
Microsoft Visual Studio Solution File, Format Version 12.00
# Visual Studio Version 17
VisualStudioVersion = 17.2.32519.379
MinimumVisualStudioVersion = 10.0.40219.1
Project("{11A8DD76-328B-46DF-9F39-F559912D0360}") = "DiApplication", "Application\DiApplication.nfproj", "{E10613D2-3AEA-4D67-84D8-8560178C14B8}"
EndProject
Project("{11A8DD76-328B-46DF-9F39-F559912D0360}") = "nanoFramework.DependencyInjection", "..\nanoFramework.DependencyInjection\nanoFramework.DependencyInjection.nfproj", "{A2B2222C-0553-4877-8CF1-4458B30C0081}"
EndProject
Project("{11A8DD76-328B-46DF-9F39-F559912D0360}") = "Simple", "Simple\Simple.nfproj", "{333CB8D6-A3A8-4A3D-8F84-BFB7E4DE103F}"
EndProject
Global
	GlobalSection(SolutionConfigurationPlatforms) = preSolution
		Debug|Any CPU = Debug|Any CPU
		Release|Any CPU = Release|Any CPU
	EndGlobalSection
	GlobalSection(ProjectConfigurationPlatforms) = postSolution
		{E10613D2-3AEA-4D67-84D8-8560178C14B8}.Debug|Any CPU.ActiveCfg = Debug|Any CPU
		{E10613D2-3AEA-4D67-84D8-8560178C14B8}.Debug|Any CPU.Build.0 = Debug|Any CPU
		{E10613D2-3AEA-4D67-84D8-8560178C14B8}.Debug|Any CPU.Deploy.0 = Debug|Any CPU
		{E10613D2-3AEA-4D67-84D8-8560178C14B8}.Release|Any CPU.ActiveCfg = Release|Any CPU
		{E10613D2-3AEA-4D67-84D8-8560178C14B8}.Release|Any CPU.Build.0 = Release|Any CPU
		{E10613D2-3AEA-4D67-84D8-8560178C14B8}.Release|Any CPU.Deploy.0 = Release|Any CPU
		{A2B2222C-0553-4877-8CF1-4458B30C0081}.Debug|Any CPU.ActiveCfg = Debug|Any CPU
		{A2B2222C-0553-4877-8CF1-4458B30C0081}.Debug|Any CPU.Build.0 = Debug|Any CPU
		{A2B2222C-0553-4877-8CF1-4458B30C0081}.Debug|Any CPU.Deploy.0 = Debug|Any CPU
		{A2B2222C-0553-4877-8CF1-4458B30C0081}.Release|Any CPU.ActiveCfg = Release|Any CPU
		{A2B2222C-0553-4877-8CF1-4458B30C0081}.Release|Any CPU.Build.0 = Release|Any CPU
		{A2B2222C-0553-4877-8CF1-4458B30C0081}.Release|Any CPU.Deploy.0 = Release|Any CPU
		{333CB8D6-A3A8-4A3D-8F84-BFB7E4DE103F}.Debug|Any CPU.ActiveCfg = Debug|Any CPU
		{333CB8D6-A3A8-4A3D-8F84-BFB7E4DE103F}.Debug|Any CPU.Build.0 = Debug|Any CPU
		{333CB8D6-A3A8-4A3D-8F84-BFB7E4DE103F}.Debug|Any CPU.Deploy.0 = Debug|Any CPU
		{333CB8D6-A3A8-4A3D-8F84-BFB7E4DE103F}.Release|Any CPU.ActiveCfg = Release|Any CPU
		{333CB8D6-A3A8-4A3D-8F84-BFB7E4DE103F}.Release|Any CPU.Build.0 = Release|Any CPU
		{333CB8D6-A3A8-4A3D-8F84-BFB7E4DE103F}.Release|Any CPU.Deploy.0 = Release|Any CPU
	EndGlobalSection
	GlobalSection(SolutionProperties) = preSolution
		HideSolutionNode = FALSE
	EndGlobalSection
	GlobalSection(ExtensibilityGlobals) = postSolution
		SolutionGuid = {1EC40AA7-C769-4EBB-9C18-8CE1692239EB}
	EndGlobalSection
EndGlobal
